
Microsoft Visual Studio Solution File, Format Version 12.00
# Visual Studio Version 17
VisualStudioVersion = 17.3.32922.545
MinimumVisualStudioVersion = 10.0.40219.1
Project("{FAE04EC0-301F-11D3-BF4B-00C04F79EFBC}") = "DemoTX2", "DemoTX2\DemoTX2.csproj", "{E47C1781-AA99-4D5A-918F-5C7ADD5E7035}"
EndProject
Global
	GlobalSection(SolutionConfigurationPlatforms) = preSolution
		Debug|Any CPU = Debug|Any CPU
		Release|Any CPU = Release|Any CPU
	EndGlobalSection
	GlobalSection(ProjectConfigurationPlatforms) = postSolution
		{E47C1781-AA99-4D5A-918F-5C7ADD5E7035}.Debug|Any CPU.ActiveCfg = Debug|Any CPU
		{E47C1781-AA99-4D5A-918F-5C7ADD5E7035}.Debug|Any CPU.Build.0 = Debug|Any CPU
		{E47C1781-AA99-4D5A-918F-5C7ADD5E7035}.Release|Any CPU.ActiveCfg = Release|Any CPU
		{E47C1781-AA99-4D5A-918F-5C7ADD5E7035}.Release|Any CPU.Build.0 = Release|Any CPU
	EndGlobalSection
	GlobalSection(SolutionProperties) = preSolution
		HideSolutionNode = FALSE
	EndGlobalSection
	GlobalSection(ExtensibilityGlobals) = postSolution
		SolutionGuid = {EC74F861-0C0B-4402-A601-C821DC65883A}
	EndGlobalSection
EndGlobal
